// !$*UTF8*$!
{
	archiveVersion = 1;
	classes = {
	};
	objectVersion = 46;
	objects = {

/* Begin PBXBuildFile section */
		6A0EA8B21CA8AE160036DC89 /* MWAlgorithm.swift in Sources */ = {isa = PBXBuildFile; fileRef = 6A0EA8B11CA8AE160036DC89 /* MWAlgorithm.swift */; };
		6A23AE8A1CCAE3E1007A7472 /* MalmuthHarville.swift in Sources */ = {isa = PBXBuildFile; fileRef = 6A23AE891CCAE3E1007A7472 /* MalmuthHarville.swift */; };
		6A8E4CFB1CA8796F0027E27B /* AppDelegate.swift in Sources */ = {isa = PBXBuildFile; fileRef = 6A8E4CFA1CA8796F0027E27B /* AppDelegate.swift */; };
		6A8E4CFD1CA8796F0027E27B /* ViewController.swift in Sources */ = {isa = PBXBuildFile; fileRef = 6A8E4CFC1CA8796F0027E27B /* ViewController.swift */; };
		6A8E4D001CA8796F0027E27B /* Main.storyboard in Resources */ = {isa = PBXBuildFile; fileRef = 6A8E4CFE1CA8796F0027E27B /* Main.storyboard */; };
		6A8E4D021CA8796F0027E27B /* Assets.xcassets in Resources */ = {isa = PBXBuildFile; fileRef = 6A8E4D011CA8796F0027E27B /* Assets.xcassets */; };
		6A8E4D051CA8796F0027E27B /* LaunchScreen.storyboard in Resources */ = {isa = PBXBuildFile; fileRef = 6A8E4D031CA8796F0027E27B /* LaunchScreen.storyboard */; };
		6AC3FCFB1CCB191300B1B9E8 /* BenRoberts.swift in Sources */ = {isa = PBXBuildFile; fileRef = 6AC3FCFA1CCB191300B1B9E8 /* BenRoberts.swift */; };
/* End PBXBuildFile section */

/* Begin PBXContainerItemProxy section */
		6A8E4D0C1CA8796F0027E27B /* PBXContainerItemProxy */ = {
			isa = PBXContainerItemProxy;
			containerPortal = 6A8E4CEF1CA8796F0027E27B /* Project object */;
			proxyType = 1;
			remoteGlobalIDString = 6A8E4CF61CA8796F0027E27B;
			remoteInfo = ICMCalculator;
		};
/* End PBXContainerItemProxy section */

/* Begin PBXFileReference section */
		6A0EA8B11CA8AE160036DC89 /* MWAlgorithm.swift */ = {isa = PBXFileReference; fileEncoding = 4; lastKnownFileType = sourcecode.swift; path = MWAlgorithm.swift; sourceTree = "<group>"; };
		6A23AE891CCAE3E1007A7472 /* MalmuthHarville.swift */ = {isa = PBXFileReference; fileEncoding = 4; lastKnownFileType = sourcecode.swift; path = MalmuthHarville.swift; sourceTree = "<group>"; };
		6A8E4CF71CA8796F0027E27B /* ICMCalculator.app */ = {isa = PBXFileReference; explicitFileType = wrapper.application; includeInIndex = 0; path = ICMCalculator.app; sourceTree = BUILT_PRODUCTS_DIR; };
		6A8E4CFA1CA8796F0027E27B /* AppDelegate.swift */ = {isa = PBXFileReference; lastKnownFileType = sourcecode.swift; path = AppDelegate.swift; sourceTree = "<group>"; };
		6A8E4CFC1CA8796F0027E27B /* ViewController.swift */ = {isa = PBXFileReference; lastKnownFileType = sourcecode.swift; path = ViewController.swift; sourceTree = "<group>"; };
		6A8E4CFF1CA8796F0027E27B /* Base */ = {isa = PBXFileReference; lastKnownFileType = file.storyboard; name = Base; path = Base.lproj/Main.storyboard; sourceTree = "<group>"; };
		6A8E4D011CA8796F0027E27B /* Assets.xcassets */ = {isa = PBXFileReference; lastKnownFileType = folder.assetcatalog; path = Assets.xcassets; sourceTree = "<group>"; };
		6A8E4D041CA8796F0027E27B /* Base */ = {isa = PBXFileReference; lastKnownFileType = file.storyboard; name = Base; path = Base.lproj/LaunchScreen.storyboard; sourceTree = "<group>"; };
		6A8E4D061CA8796F0027E27B /* Info.plist */ = {isa = PBXFileReference; lastKnownFileType = text.plist.xml; path = Info.plist; sourceTree = "<group>"; };
		6A8E4D0B1CA8796F0027E27B /* ICMCalculatorTests.xctest */ = {isa = PBXFileReference; explicitFileType = wrapper.cfbundle; includeInIndex = 0; path = ICMCalculatorTests.xctest; sourceTree = BUILT_PRODUCTS_DIR; };
		6A8E4D111CA8796F0027E27B /* Info.plist */ = {isa = PBXFileReference; lastKnownFileType = text.plist.xml; path = Info.plist; sourceTree = "<group>"; };
		6AC3FCFA1CCB191300B1B9E8 /* BenRoberts.swift */ = {isa = PBXFileReference; fileEncoding = 4; lastKnownFileType = sourcecode.swift; path = BenRoberts.swift; sourceTree = "<group>"; };
/* End PBXFileReference section */

/* Begin PBXFrameworksBuildPhase section */
		6A8E4CF41CA8796F0027E27B /* Frameworks */ = {
			isa = PBXFrameworksBuildPhase;
			buildActionMask = 2147483647;
			files = (
			);
			runOnlyForDeploymentPostprocessing = 0;
		};
		6A8E4D081CA8796F0027E27B /* Frameworks */ = {
			isa = PBXFrameworksBuildPhase;
			buildActionMask = 2147483647;
			files = (
			);
			runOnlyForDeploymentPostprocessing = 0;
		};
/* End PBXFrameworksBuildPhase section */

/* Begin PBXGroup section */
		6A8E4CEE1CA8796F0027E27B = {
			isa = PBXGroup;
			children = (
				6A8E4CF91CA8796F0027E27B /* ICMCalculator */,
				6A8E4D0E1CA8796F0027E27B /* ICMCalculatorTests */,
				6A8E4CF81CA8796F0027E27B /* Products */,
			);
			sourceTree = "<group>";
		};
		6A8E4CF81CA8796F0027E27B /* Products */ = {
			isa = PBXGroup;
			children = (
				6A8E4CF71CA8796F0027E27B /* ICMCalculator.app */,
				6A8E4D0B1CA8796F0027E27B /* ICMCalculatorTests.xctest */,
			);
			name = Products;
			sourceTree = "<group>";
		};
		6A8E4CF91CA8796F0027E27B /* ICMCalculator */ = {
			isa = PBXGroup;
			children = (
				6A8E4CFA1CA8796F0027E27B /* AppDelegate.swift */,
				6A8E4CFC1CA8796F0027E27B /* ViewController.swift */,
				6A8E4CFE1CA8796F0027E27B /* Main.storyboard */,
				6A8E4D011CA8796F0027E27B /* Assets.xcassets */,
				6A8E4D031CA8796F0027E27B /* LaunchScreen.storyboard */,
				6A8E4D061CA8796F0027E27B /* Info.plist */,
				6A0EA8B11CA8AE160036DC89 /* MWAlgorithm.swift */,
				6AC3FCFA1CCB191300B1B9E8 /* BenRoberts.swift */,
			);
			path = ICMCalculator;
			sourceTree = "<group>";
		};
		6A8E4D0E1CA8796F0027E27B /* ICMCalculatorTests */ = {
			isa = PBXGroup;
			children = (
				6A23AE891CCAE3E1007A7472 /* MalmuthHarville.swift */,
				6A8E4D111CA8796F0027E27B /* Info.plist */,
			);
			path = ICMCalculatorTests;
			sourceTree = "<group>";
		};
/* End PBXGroup section */

/* Begin PBXNativeTarget section */
		6A8E4CF61CA8796F0027E27B /* ICMCalculator */ = {
			isa = PBXNativeTarget;
			buildConfigurationList = 6A8E4D141CA8796F0027E27B /* Build configuration list for PBXNativeTarget "ICMCalculator" */;
			buildPhases = (
				6A8E4CF31CA8796F0027E27B /* Sources */,
				6A8E4CF41CA8796F0027E27B /* Frameworks */,
				6A8E4CF51CA8796F0027E27B /* Resources */,
			);
			buildRules = (
			);
			dependencies = (
			);
			name = ICMCalculator;
			productName = ICMCalculator;
			productReference = 6A8E4CF71CA8796F0027E27B /* ICMCalculator.app */;
			productType = "com.apple.product-type.application";
		};
		6A8E4D0A1CA8796F0027E27B /* ICMCalculatorTests */ = {
			isa = PBXNativeTarget;
			buildConfigurationList = 6A8E4D171CA8796F0027E27B /* Build configuration list for PBXNativeTarget "ICMCalculatorTests" */;
			buildPhases = (
				6A8E4D071CA8796F0027E27B /* Sources */,
				6A8E4D081CA8796F0027E27B /* Frameworks */,
				6A8E4D091CA8796F0027E27B /* Resources */,
			);
			buildRules = (
			);
			dependencies = (
				6A8E4D0D1CA8796F0027E27B /* PBXTargetDependency */,
			);
			name = ICMCalculatorTests;
			productName = ICMCalculatorTests;
			productReference = 6A8E4D0B1CA8796F0027E27B /* ICMCalculatorTests.xctest */;
			productType = "com.apple.product-type.bundle.unit-test";
		};
/* End PBXNativeTarget section */

/* Begin PBXProject section */
		6A8E4CEF1CA8796F0027E27B /* Project object */ = {
			isa = PBXProject;
			attributes = {
				LastSwiftUpdateCheck = 0730;
				LastUpgradeCheck = 0730;
				ORGANIZATIONNAME = iflaum;
				TargetAttributes = {
					6A8E4CF61CA8796F0027E27B = {
						CreatedOnToolsVersion = 7.3;
						DevelopmentTeam = E75TFFX3A8;
					};
					6A8E4D0A1CA8796F0027E27B = {
						CreatedOnToolsVersion = 7.3;
						TestTargetID = 6A8E4CF61CA8796F0027E27B;
					};
				};
			};
			buildConfigurationList = 6A8E4CF21CA8796F0027E27B /* Build configuration list for PBXProject "ICMCalculator" */;
			compatibilityVersion = "Xcode 3.2";
			developmentRegion = English;
			hasScannedForEncodings = 0;
			knownRegions = (
				en,
				Base,
			);
			mainGroup = 6A8E4CEE1CA8796F0027E27B;
			productRefGroup = 6A8E4CF81CA8796F0027E27B /* Products */;
			projectDirPath = "";
			projectRoot = "";
			targets = (
				6A8E4CF61CA8796F0027E27B /* ICMCalculator */,
				6A8E4D0A1CA8796F0027E27B /* ICMCalculatorTests */,
			);
		};
/* End PBXProject section */

/* Begin PBXResourcesBuildPhase section */
		6A8E4CF51CA8796F0027E27B /* Resources */ = {
			isa = PBXResourcesBuildPhase;
			buildActionMask = 2147483647;
			files = (
				6A8E4D051CA8796F0027E27B /* LaunchScreen.storyboard in Resources */,
				6A8E4D021CA8796F0027E27B /* Assets.xcassets in Resources */,
				6A8E4D001CA8796F0027E27B /* Main.storyboard in Resources */,
			);
			runOnlyForDeploymentPostprocessing = 0;
		};
		6A8E4D091CA8796F0027E27B /* Resources */ = {
			isa = PBXResourcesBuildPhase;
			buildActionMask = 2147483647;
			files = (
			);
			runOnlyForDeploymentPostprocessing = 0;
		};
/* End PBXResourcesBuildPhase section */

/* Begin PBXSourcesBuildPhase section */
		6A8E4CF31CA8796F0027E27B /* Sources */ = {
			isa = PBXSourcesBuildPhase;
			buildActionMask = 2147483647;
			files = (
				6A0EA8B21CA8AE160036DC89 /* MWAlgorithm.swift in Sources */,
				6AC3FCFB1CCB191300B1B9E8 /* BenRoberts.swift in Sources */,
				6A8E4CFD1CA8796F0027E27B /* ViewController.swift in Sources */,
				6A8E4CFB1CA8796F0027E27B /* AppDelegate.swift in Sources */,
			);
			runOnlyForDeploymentPostprocessing = 0;
		};
		6A8E4D071CA8796F0027E27B /* Sources */ = {
			isa = PBXSourcesBuildPhase;
			buildActionMask = 2147483647;
			files = (
				6A23AE8A1CCAE3E1007A7472 /* MalmuthHarville.swift in Sources */,
			);
			runOnlyForDeploymentPostprocessing = 0;
		};
/* End PBXSourcesBuildPhase section */

/* Begin PBXTargetDependency section */
		6A8E4D0D1CA8796F0027E27B /* PBXTargetDependency */ = {
			isa = PBXTargetDependency;
			target = 6A8E4CF61CA8796F0027E27B /* ICMCalculator */;
			targetProxy = 6A8E4D0C1CA8796F0027E27B /* PBXContainerItemProxy */;
		};
/* End PBXTargetDependency section */

/* Begin PBXVariantGroup section */
		6A8E4CFE1CA8796F0027E27B /* Main.storyboard */ = {
			isa = PBXVariantGroup;
			children = (
				6A8E4CFF1CA8796F0027E27B /* Base */,
			);
			name = Main.storyboard;
			sourceTree = "<group>";
		};
		6A8E4D031CA8796F0027E27B /* LaunchScreen.storyboard */ = {
			isa = PBXVariantGroup;
			children = (
				6A8E4D041CA8796F0027E27B /* Base */,
			);
			name = LaunchScreen.storyboard;
			sourceTree = "<group>";
		};
/* End PBXVariantGroup section */

/* Begin XCBuildConfiguration section */
		6A8E4D121CA8796F0027E27B /* Debug */ = {
			isa = XCBuildConfiguration;
			buildSettings = {
				ALWAYS_SEARCH_USER_PATHS = NO;
				CLANG_ANALYZER_NONNULL = YES;
				CLANG_CXX_LANGUAGE_STANDARD = "gnu++0x";
				CLANG_CXX_LIBRARY = "libc++";
				CLANG_ENABLE_MODULES = YES;
				CLANG_ENABLE_OBJC_ARC = YES;
				CLANG_WARN_BOOL_CONVERSION = YES;
				CLANG_WARN_CONSTANT_CONVERSION = YES;
				CLANG_WARN_DIRECT_OBJC_ISA_USAGE = YES_ERROR;
				CLANG_WARN_EMPTY_BODY = YES;
				CLANG_WARN_ENUM_CONVERSION = YES;
				CLANG_WARN_INT_CONVERSION = YES;
				CLANG_WARN_OBJC_ROOT_CLASS = YES_ERROR;
				CLANG_WARN_UNREACHABLE_CODE = YES;
				CLANG_WARN__DUPLICATE_METHOD_MATCH = YES;
				"CODE_SIGN_IDENTITY[sdk=iphoneos*]" = "iPhone Developer";
				COPY_PHASE_STRIP = NO;
				DEBUG_INFORMATION_FORMAT = dwarf;
				ENABLE_STRICT_OBJC_MSGSEND = YES;
				ENABLE_TESTABILITY = YES;
				GCC_C_LANGUAGE_STANDARD = gnu99;
				GCC_DYNAMIC_NO_PIC = NO;
				GCC_NO_COMMON_BLOCKS = YES;
				GCC_OPTIMIZATION_LEVEL = 0;
				GCC_PREPROCESSOR_DEFINITIONS = (
					"DEBUG=1",
					"$(inherited)",
				);
				GCC_WARN_64_TO_32_BIT_CONVERSION = YES;
				GCC_WARN_ABOUT_RETURN_TYPE = YES_ERROR;
				GCC_WARN_UNDECLARED_SELECTOR = YES;
				GCC_WARN_UNINITIALIZED_AUTOS = YES_AGGRESSIVE;
				GCC_WARN_UNUSED_FUNCTION = YES;
				GCC_WARN_UNUSED_VARIABLE = YES;
				IPHONEOS_DEPLOYMENT_TARGET = 9.3;
				MTL_ENABLE_DEBUG_INFO = YES;
				ONLY_ACTIVE_ARCH = YES;
				SDKROOT = iphoneos;
				SWIFT_OPTIMIZATION_LEVEL = "-Onone";
			};
			name = Debug;
		};
		6A8E4D131CA8796F0027E27B /* Release */ = {
			isa = XCBuildConfiguration;
			buildSettings = {
				ALWAYS_SEARCH_USER_PATHS = NO;
				CLANG_ANALYZER_NONNULL = YES;
				CLANG_CXX_LANGUAGE_STANDARD = "gnu++0x";
				CLANG_CXX_LIBRARY = "libc++";
				CLANG_ENABLE_MODULES = YES;
				CLANG_ENABLE_OBJC_ARC = YES;
				CLANG_WARN_BOOL_CONVERSION = YES;
				CLANG_WARN_CONSTANT_CONVERSION = YES;
				CLANG_WARN_DIRECT_OBJC_ISA_USAGE = YES_ERROR;
				CLANG_WARN_EMPTY_BODY = YES;
				CLANG_WARN_ENUM_CONVERSION = YES;
				CLANG_WARN_INT_CONVERSION = YES;
				CLANG_WARN_OBJC_ROOT_CLASS = YES_ERROR;
				CLANG_WARN_UNREACHABLE_CODE = YES;
				CLANG_WARN__DUPLICATE_METHOD_MATCH = YES;
				"CODE_SIGN_IDENTITY[sdk=iphoneos*]" = "iPhone Developer";
				COPY_PHASE_STRIP = NO;
				DEBUG_INFORMATION_FORMAT = "dwarf-with-dsym";
				ENABLE_NS_ASSERTIONS = NO;
				ENABLE_STRICT_OBJC_MSGSEND = YES;
				GCC_C_LANGUAGE_STANDARD = gnu99;
				GCC_NO_COMMON_BLOCKS = YES;
				GCC_WARN_64_TO_32_BIT_CONVERSION = YES;
				GCC_WARN_ABOUT_RETURN_TYPE = YES_ERROR;
				GCC_WARN_UNDECLARED_SELECTOR = YES;
				GCC_WARN_UNINITIALIZED_AUTOS = YES_AGGRESSIVE;
				GCC_WARN_UNUSED_FUNCTION = YES;
				GCC_WARN_UNUSED_VARIABLE = YES;
				IPHONEOS_DEPLOYMENT_TARGET = 9.3;
				MTL_ENABLE_DEBUG_INFO = NO;
				SDKROOT = iphoneos;
				VALIDATE_PRODUCT = YES;
			};
			name = Release;
		};
		6A8E4D151CA8796F0027E27B /* Debug */ = {
			isa = XCBuildConfiguration;
			buildSettings = {
				ASSETCATALOG_COMPILER_APPICON_NAME = AppIcon;
				CODE_SIGN_IDENTITY = "iPhone Developer";
				"CODE_SIGN_IDENTITY[sdk=iphoneos*]" = "iPhone Developer";
				INFOPLIST_FILE = ICMCalculator/Info.plist;
				IPHONEOS_DEPLOYMENT_TARGET = 9.0;
				LD_RUNPATH_SEARCH_PATHS = "$(inherited) @executable_path/Frameworks";
				PRODUCT_BUNDLE_IDENTIFIER = iflaum.ICMCalculator;
				PRODUCT_NAME = "$(TARGET_NAME)";
				PROVISIONING_PROFILE = "";
			};
			name = Debug;
		};
		6A8E4D161CA8796F0027E27B /* Release */ = {
			isa = XCBuildConfiguration;
			buildSettings = {
				ASSETCATALOG_COMPILER_APPICON_NAME = AppIcon;
				CODE_SIGN_IDENTITY = "iPhone Developer";
				"CODE_SIGN_IDENTITY[sdk=iphoneos*]" = "iPhone Developer";
				INFOPLIST_FILE = ICMCalculator/Info.plist;
				IPHONEOS_DEPLOYMENT_TARGET = 9.0;
				LD_RUNPATH_SEARCH_PATHS = "$(inherited) @executable_path/Frameworks";
				PRODUCT_BUNDLE_IDENTIFIER = iflaum.ICMCalculator;
				PRODUCT_NAME = "$(TARGET_NAME)";
				PROVISIONING_PROFILE = "";
			};
			name = Release;
		};
		6A8E4D181CA8796F0027E27B /* Debug */ = {
			isa = XCBuildConfiguration;
			buildSettings = {
				BUNDLE_LOADER = "$(TEST_HOST)";
				INFOPLIST_FILE = ICMCalculatorTests/Info.plist;
				LD_RUNPATH_SEARCH_PATHS = "$(inherited) @executable_path/Frameworks @loader_path/Frameworks";
				PRODUCT_BUNDLE_IDENTIFIER = iflaum.ICMCalculatorTests;
				PRODUCT_NAME = "$(TARGET_NAME)";
				TEST_HOST = "$(BUILT_PRODUCTS_DIR)/ICMCalculator.app/ICMCalculator";
			};
			name = Debug;
		};
		6A8E4D191CA8796F0027E27B /* Release */ = {
			isa = XCBuildConfiguration;
			buildSettings = {
				BUNDLE_LOADER = "$(TEST_HOST)";
				INFOPLIST_FILE = ICMCalculatorTests/Info.plist;
				LD_RUNPATH_SEARCH_PATHS = "$(inherited) @executable_path/Frameworks @loader_path/Frameworks";
				PRODUCT_BUNDLE_IDENTIFIER = iflaum.ICMCalculatorTests;
				PRODUCT_NAME = "$(TARGET_NAME)";
				TEST_HOST = "$(BUILT_PRODUCTS_DIR)/ICMCalculator.app/ICMCalculator";
			};
			name = Release;
		};
/* End XCBuildConfiguration section */

/* Begin XCConfigurationList section */
		6A8E4CF21CA8796F0027E27B /* Build configuration list for PBXProject "ICMCalculator" */ = {
			isa = XCConfigurationList;
			buildConfigurations = (
				6A8E4D121CA8796F0027E27B /* Debug */,
				6A8E4D131CA8796F0027E27B /* Release */,
			);
			defaultConfigurationIsVisible = 0;
			defaultConfigurationName = Release;
		};
		6A8E4D141CA8796F0027E27B /* Build configuration list for PBXNativeTarget "ICMCalculator" */ = {
			isa = XCConfigurationList;
			buildConfigurations = (
				6A8E4D151CA8796F0027E27B /* Debug */,
				6A8E4D161CA8796F0027E27B /* Release */,
			);
			defaultConfigurationIsVisible = 0;
			defaultConfigurationName = Release;
		};
		6A8E4D171CA8796F0027E27B /* Build configuration list for PBXNativeTarget "ICMCalculatorTests" */ = {
			isa = XCConfigurationList;
			buildConfigurations = (
				6A8E4D181CA8796F0027E27B /* Debug */,
				6A8E4D191CA8796F0027E27B /* Release */,
			);
			defaultConfigurationIsVisible = 0;
			defaultConfigurationName = Release;
		};
/* End XCConfigurationList section */
	};
	rootObject = 6A8E4CEF1CA8796F0027E27B /* Project object */;
}
